
Microsoft Visual Studio Solution File, Format Version 12.00
# Visual Studio Version 17
VisualStudioVersion = 17.0.31903.59
MinimumVisualStudioVersion = 10.0.40219.1
Project("{9A19103F-16F7-4668-BE54-9A1E7A4F7556}") = "00_BaseCode", "00_BaseCode\00_BaseCode.csproj", "{F687F7D7-BB44-462E-8D76-A94F3BCF82DA}"
EndProject
Project("{9A19103F-16F7-4668-BE54-9A1E7A4F7556}") = "01_InstanceCreation", "01_InstanceCreation\01_InstanceCreation.csproj", "{56ECAD6A-9228-46C3-8E0C-F4066325A69B}"
EndProject
Project("{9A19103F-16F7-4668-BE54-9A1E7A4F7556}") = "02_ValidationLayers", "02_ValidationLayers\02_ValidationLayers.csproj", "{84592EC9-B68B-45A3-AAA7-4744DDC3E9ED}"
EndProject
Project("{9A19103F-16F7-4668-BE54-9A1E7A4F7556}") = "03_PhysicalDeviceSelection", "03_PhysicalDeviceSelection\03_PhysicalDeviceSelection.csproj", "{42D8754A-E5DD-42AC-82B6-A463C5BEAB07}"
EndProject
Project("{9A19103F-16F7-4668-BE54-9A1E7A4F7556}") = "04_LogicalDevice", "04_LogicalDevice\04_LogicalDevice.csproj", "{B64E207A-9B80-4E47-B623-CE0F3EE0F1BD}"
EndProject
Project("{9A19103F-16F7-4668-BE54-9A1E7A4F7556}") = "05_WindowSurface", "05_WindowSurface\05_WindowSurface.csproj", "{C4218416-ADEF-482E-89C6-BF1FB17B63E7}"
EndProject
Project("{9A19103F-16F7-4668-BE54-9A1E7A4F7556}") = "06_SwapChainCreation", "06_SwapChainCreation\06_SwapChainCreation.csproj", "{21C07CC2-1363-4DDE-B8A2-B17916A6027A}"
EndProject
Project("{9A19103F-16F7-4668-BE54-9A1E7A4F7556}") = "07_ImageViews", "07_ImageViews\07_ImageViews.csproj", "{C491CD74-99BC-4A54-AC83-338428BCA1BA}"
EndProject
Project("{9A19103F-16F7-4668-BE54-9A1E7A4F7556}") = "08_GraphicsPipeline", "08_GraphicsPipeline\08_GraphicsPipeline.csproj", "{2DB184AF-F663-4BA1-8B49-AA424F75D3BC}"
EndProject
Project("{9A19103F-16F7-4668-BE54-9A1E7A4F7556}") = "09_ShaderModules", "09_ShaderModules\09_ShaderModules.csproj", "{FAF18F85-4036-4CCB-9533-E24D59E59695}"
EndProject
Project("{2150E333-8FDC-42A3-9474-1A3956D46DE8}") = "Build", "Build", "{F7CA3EA9-8818-4D0C-9B1A-598480404AAC}"
	ProjectSection(SolutionItems) = preProject
		Directory.Build.props = Directory.Build.props
		Directory.Build.targets = Directory.Build.targets
		Directory.Packages.props = Directory.Packages.props
	EndProjectSection
EndProject
Project("{9A19103F-16F7-4668-BE54-9A1E7A4F7556}") = "10_FixedFunctions", "10_FixedFunctions\10_FixedFunctions.csproj", "{952CA805-7465-425F-AE44-D41C9FFBC1E7}"
EndProject
Project("{9A19103F-16F7-4668-BE54-9A1E7A4F7556}") = "11_RenderPasses", "11_RenderPasses\11_RenderPasses.csproj", "{E612CAF1-6541-4875-9D68-5B5B9A5ECE87}"
EndProject
Project("{9A19103F-16F7-4668-BE54-9A1E7A4F7556}") = "12_GraphicsPipelineComplete", "12_GraphicsPipelineComplete\12_GraphicsPipelineComplete.csproj", "{25F60CCE-35C4-4AB8-B339-0D23970B2973}"
EndProject
Project("{9A19103F-16F7-4668-BE54-9A1E7A4F7556}") = "13_FrameBuffers", "13_FrameBuffers\13_FrameBuffers.csproj", "{35E5BA99-9D0F-4BEC-8909-B7CE2D28F7A0}"
EndProject
Project("{9A19103F-16F7-4668-BE54-9A1E7A4F7556}") = "14_CommandBuffers", "14_CommandBuffers\14_CommandBuffers.csproj", "{76ABCCCC-57A2-4ACC-9006-7EA60DC14CCB}"
EndProject
Project("{9A19103F-16F7-4668-BE54-9A1E7A4F7556}") = "15_HelloTriangle", "15_HelloTriangle\15_HelloTriangle.csproj", "{335BCBAB-CD9E-43CB-A9EE-2D771548BBCD}"
EndProject
Project("{9A19103F-16F7-4668-BE54-9A1E7A4F7556}") = "17_SwapChainRecreation", "17_SwapChainRecreation\17_SwapChainRecreation.csproj", "{23734D23-D986-4995-BDDB-85F794743E0C}"
EndProject
Project("{9A19103F-16F7-4668-BE54-9A1E7A4F7556}") = "18_VertexInput", "18_VertexInput\18_VertexInput.csproj", "{01E52DAC-D4B7-4805-BF26-D941F3C90859}"
EndProject
Project("{9A19103F-16F7-4668-BE54-9A1E7A4F7556}") = "19_VertexBuffer", "19_VertexBuffer\19_VertexBuffer.csproj", "{1CFA7B95-F309-4D9D-995F-4B43CC47A689}"
EndProject
Project("{9A19103F-16F7-4668-BE54-9A1E7A4F7556}") = "20_StagingBuffer", "20_StagingBuffer\20_StagingBuffer.csproj", "{542563D0-E06A-48DA-88E1-0D2567AEC306}"
EndProject
Project("{9A19103F-16F7-4668-BE54-9A1E7A4F7556}") = "21_IndexBuffer", "21_IndexBuffer\21_IndexBuffer.csproj", "{1B2EBFFC-BD61-45BB-8098-992C4728309E}"
EndProject
Project("{9A19103F-16F7-4668-BE54-9A1E7A4F7556}") = "22_DescriptorSetLayout", "22_DescriptorSetLayout\22_DescriptorSetLayout.csproj", "{8595A9AA-429F-4712-9821-D8BFB3BC37A4}"
EndProject
Project("{9A19103F-16F7-4668-BE54-9A1E7A4F7556}") = "23_DescriptorSets", "23_DescriptorSets\23_DescriptorSets.csproj", "{4A357E48-DE54-44D6-8FDE-1F4A5A8EB6F0}"
EndProject
Project("{9A19103F-16F7-4668-BE54-9A1E7A4F7556}") = "24_TextureImage", "24_TextureImage\24_TextureImage.csproj", "{21D3CFC9-4B78-4927-8AD8-B16F5D86C6A9}"
EndProject
Project("{9A19103F-16F7-4668-BE54-9A1E7A4F7556}") = "25_Sampler", "25_Sampler\25_Sampler.csproj", "{3946F47E-E767-48E1-AE2B-C642861E53F2}"
EndProject
Project("{9A19103F-16F7-4668-BE54-9A1E7A4F7556}") = "26_TextureMapping", "26_TextureMapping\26_TextureMapping.csproj", "{2B5BBB67-EB7D-4812-B756-791347844A98}"
EndProject
Project("{9A19103F-16F7-4668-BE54-9A1E7A4F7556}") = "27_DepthBuffering", "27_DepthBuffering\27_DepthBuffering.csproj", "{AE8DE34A-02A3-4D60-8C77-5A9495F31138}"
EndProject
Project("{9A19103F-16F7-4668-BE54-9A1E7A4F7556}") = "28_ModelLoading", "28_ModelLoading\28_ModelLoading.csproj", "{13EA8FEE-C14F-4970-B046-BF3295A9B3F3}"
EndProject
Project("{9A19103F-16F7-4668-BE54-9A1E7A4F7556}") = "29_MipMapping", "29_MipMapping\29_MipMapping.csproj", "{5F826843-AD20-4CFF-B9E0-6860A4A4865C}"
EndProject
Project("{9A19103F-16F7-4668-BE54-9A1E7A4F7556}") = "30_Multisampling", "30_Multisampling\30_Multisampling.csproj", "{051D3FF5-C7B8-4B38-9354-EFEB3D47C5FB}"
EndProject
Global
	GlobalSection(SolutionConfigurationPlatforms) = preSolution
		Debug|Any CPU = Debug|Any CPU
		Release|Any CPU = Release|Any CPU
	EndGlobalSection
	GlobalSection(ProjectConfigurationPlatforms) = postSolution
		{F687F7D7-BB44-462E-8D76-A94F3BCF82DA}.Debug|Any CPU.ActiveCfg = Debug|Any CPU
		{F687F7D7-BB44-462E-8D76-A94F3BCF82DA}.Debug|Any CPU.Build.0 = Debug|Any CPU
		{F687F7D7-BB44-462E-8D76-A94F3BCF82DA}.Release|Any CPU.ActiveCfg = Release|Any CPU
		{F687F7D7-BB44-462E-8D76-A94F3BCF82DA}.Release|Any CPU.Build.0 = Release|Any CPU
		{56ECAD6A-9228-46C3-8E0C-F4066325A69B}.Debug|Any CPU.ActiveCfg = Debug|Any CPU
		{56ECAD6A-9228-46C3-8E0C-F4066325A69B}.Debug|Any CPU.Build.0 = Debug|Any CPU
		{56ECAD6A-9228-46C3-8E0C-F4066325A69B}.Release|Any CPU.ActiveCfg = Release|Any CPU
		{56ECAD6A-9228-46C3-8E0C-F4066325A69B}.Release|Any CPU.Build.0 = Release|Any CPU
		{84592EC9-B68B-45A3-AAA7-4744DDC3E9ED}.Debug|Any CPU.ActiveCfg = Debug|Any CPU
		{84592EC9-B68B-45A3-AAA7-4744DDC3E9ED}.Debug|Any CPU.Build.0 = Debug|Any CPU
		{84592EC9-B68B-45A3-AAA7-4744DDC3E9ED}.Release|Any CPU.ActiveCfg = Release|Any CPU
		{84592EC9-B68B-45A3-AAA7-4744DDC3E9ED}.Release|Any CPU.Build.0 = Release|Any CPU
		{42D8754A-E5DD-42AC-82B6-A463C5BEAB07}.Debug|Any CPU.ActiveCfg = Debug|Any CPU
		{42D8754A-E5DD-42AC-82B6-A463C5BEAB07}.Debug|Any CPU.Build.0 = Debug|Any CPU
		{42D8754A-E5DD-42AC-82B6-A463C5BEAB07}.Release|Any CPU.ActiveCfg = Release|Any CPU
		{42D8754A-E5DD-42AC-82B6-A463C5BEAB07}.Release|Any CPU.Build.0 = Release|Any CPU
		{B64E207A-9B80-4E47-B623-CE0F3EE0F1BD}.Debug|Any CPU.ActiveCfg = Debug|Any CPU
		{B64E207A-9B80-4E47-B623-CE0F3EE0F1BD}.Debug|Any CPU.Build.0 = Debug|Any CPU
		{B64E207A-9B80-4E47-B623-CE0F3EE0F1BD}.Release|Any CPU.ActiveCfg = Release|Any CPU
		{B64E207A-9B80-4E47-B623-CE0F3EE0F1BD}.Release|Any CPU.Build.0 = Release|Any CPU
		{C4218416-ADEF-482E-89C6-BF1FB17B63E7}.Debug|Any CPU.ActiveCfg = Debug|Any CPU
		{C4218416-ADEF-482E-89C6-BF1FB17B63E7}.Debug|Any CPU.Build.0 = Debug|Any CPU
		{C4218416-ADEF-482E-89C6-BF1FB17B63E7}.Release|Any CPU.ActiveCfg = Release|Any CPU
		{C4218416-ADEF-482E-89C6-BF1FB17B63E7}.Release|Any CPU.Build.0 = Release|Any CPU
		{21C07CC2-1363-4DDE-B8A2-B17916A6027A}.Debug|Any CPU.ActiveCfg = Debug|Any CPU
		{21C07CC2-1363-4DDE-B8A2-B17916A6027A}.Debug|Any CPU.Build.0 = Debug|Any CPU
		{21C07CC2-1363-4DDE-B8A2-B17916A6027A}.Release|Any CPU.ActiveCfg = Release|Any CPU
		{21C07CC2-1363-4DDE-B8A2-B17916A6027A}.Release|Any CPU.Build.0 = Release|Any CPU
		{C491CD74-99BC-4A54-AC83-338428BCA1BA}.Debug|Any CPU.ActiveCfg = Debug|Any CPU
		{C491CD74-99BC-4A54-AC83-338428BCA1BA}.Debug|Any CPU.Build.0 = Debug|Any CPU
		{C491CD74-99BC-4A54-AC83-338428BCA1BA}.Release|Any CPU.ActiveCfg = Release|Any CPU
		{C491CD74-99BC-4A54-AC83-338428BCA1BA}.Release|Any CPU.Build.0 = Release|Any CPU
		{2DB184AF-F663-4BA1-8B49-AA424F75D3BC}.Debug|Any CPU.ActiveCfg = Debug|Any CPU
		{2DB184AF-F663-4BA1-8B49-AA424F75D3BC}.Debug|Any CPU.Build.0 = Debug|Any CPU
		{2DB184AF-F663-4BA1-8B49-AA424F75D3BC}.Release|Any CPU.ActiveCfg = Release|Any CPU
		{2DB184AF-F663-4BA1-8B49-AA424F75D3BC}.Release|Any CPU.Build.0 = Release|Any CPU
		{FAF18F85-4036-4CCB-9533-E24D59E59695}.Debug|Any CPU.ActiveCfg = Debug|Any CPU
		{FAF18F85-4036-4CCB-9533-E24D59E59695}.Debug|Any CPU.Build.0 = Debug|Any CPU
		{FAF18F85-4036-4CCB-9533-E24D59E59695}.Release|Any CPU.ActiveCfg = Release|Any CPU
		{FAF18F85-4036-4CCB-9533-E24D59E59695}.Release|Any CPU.Build.0 = Release|Any CPU
		{952CA805-7465-425F-AE44-D41C9FFBC1E7}.Debug|Any CPU.ActiveCfg = Debug|Any CPU
		{952CA805-7465-425F-AE44-D41C9FFBC1E7}.Debug|Any CPU.Build.0 = Debug|Any CPU
		{952CA805-7465-425F-AE44-D41C9FFBC1E7}.Release|Any CPU.ActiveCfg = Release|Any CPU
		{952CA805-7465-425F-AE44-D41C9FFBC1E7}.Release|Any CPU.Build.0 = Release|Any CPU
		{E612CAF1-6541-4875-9D68-5B5B9A5ECE87}.Debug|Any CPU.ActiveCfg = Debug|Any CPU
		{E612CAF1-6541-4875-9D68-5B5B9A5ECE87}.Debug|Any CPU.Build.0 = Debug|Any CPU
		{E612CAF1-6541-4875-9D68-5B5B9A5ECE87}.Release|Any CPU.ActiveCfg = Release|Any CPU
		{E612CAF1-6541-4875-9D68-5B5B9A5ECE87}.Release|Any CPU.Build.0 = Release|Any CPU
		{25F60CCE-35C4-4AB8-B339-0D23970B2973}.Debug|Any CPU.ActiveCfg = Debug|Any CPU
		{25F60CCE-35C4-4AB8-B339-0D23970B2973}.Debug|Any CPU.Build.0 = Debug|Any CPU
		{25F60CCE-35C4-4AB8-B339-0D23970B2973}.Release|Any CPU.ActiveCfg = Release|Any CPU
		{25F60CCE-35C4-4AB8-B339-0D23970B2973}.Release|Any CPU.Build.0 = Release|Any CPU
		{35E5BA99-9D0F-4BEC-8909-B7CE2D28F7A0}.Debug|Any CPU.ActiveCfg = Debug|Any CPU
		{35E5BA99-9D0F-4BEC-8909-B7CE2D28F7A0}.Debug|Any CPU.Build.0 = Debug|Any CPU
		{35E5BA99-9D0F-4BEC-8909-B7CE2D28F7A0}.Release|Any CPU.ActiveCfg = Release|Any CPU
		{35E5BA99-9D0F-4BEC-8909-B7CE2D28F7A0}.Release|Any CPU.Build.0 = Release|Any CPU
		{76ABCCCC-57A2-4ACC-9006-7EA60DC14CCB}.Debug|Any CPU.ActiveCfg = Debug|Any CPU
		{76ABCCCC-57A2-4ACC-9006-7EA60DC14CCB}.Debug|Any CPU.Build.0 = Debug|Any CPU
		{76ABCCCC-57A2-4ACC-9006-7EA60DC14CCB}.Release|Any CPU.ActiveCfg = Release|Any CPU
		{76ABCCCC-57A2-4ACC-9006-7EA60DC14CCB}.Release|Any CPU.Build.0 = Release|Any CPU
		{335BCBAB-CD9E-43CB-A9EE-2D771548BBCD}.Debug|Any CPU.ActiveCfg = Debug|Any CPU
		{335BCBAB-CD9E-43CB-A9EE-2D771548BBCD}.Debug|Any CPU.Build.0 = Debug|Any CPU
		{335BCBAB-CD9E-43CB-A9EE-2D771548BBCD}.Release|Any CPU.ActiveCfg = Release|Any CPU
		{335BCBAB-CD9E-43CB-A9EE-2D771548BBCD}.Release|Any CPU.Build.0 = Release|Any CPU
		{23734D23-D986-4995-BDDB-85F794743E0C}.Debug|Any CPU.ActiveCfg = Debug|Any CPU
		{23734D23-D986-4995-BDDB-85F794743E0C}.Debug|Any CPU.Build.0 = Debug|Any CPU
		{23734D23-D986-4995-BDDB-85F794743E0C}.Release|Any CPU.ActiveCfg = Release|Any CPU
		{23734D23-D986-4995-BDDB-85F794743E0C}.Release|Any CPU.Build.0 = Release|Any CPU
		{01E52DAC-D4B7-4805-BF26-D941F3C90859}.Debug|Any CPU.ActiveCfg = Debug|Any CPU
		{01E52DAC-D4B7-4805-BF26-D941F3C90859}.Debug|Any CPU.Build.0 = Debug|Any CPU
		{01E52DAC-D4B7-4805-BF26-D941F3C90859}.Release|Any CPU.ActiveCfg = Release|Any CPU
		{01E52DAC-D4B7-4805-BF26-D941F3C90859}.Release|Any CPU.Build.0 = Release|Any CPU
		{1CFA7B95-F309-4D9D-995F-4B43CC47A689}.Debug|Any CPU.ActiveCfg = Debug|Any CPU
		{1CFA7B95-F309-4D9D-995F-4B43CC47A689}.Debug|Any CPU.Build.0 = Debug|Any CPU
		{1CFA7B95-F309-4D9D-995F-4B43CC47A689}.Release|Any CPU.ActiveCfg = Release|Any CPU
		{1CFA7B95-F309-4D9D-995F-4B43CC47A689}.Release|Any CPU.Build.0 = Release|Any CPU
		{542563D0-E06A-48DA-88E1-0D2567AEC306}.Debug|Any CPU.ActiveCfg = Debug|Any CPU
		{542563D0-E06A-48DA-88E1-0D2567AEC306}.Debug|Any CPU.Build.0 = Debug|Any CPU
		{542563D0-E06A-48DA-88E1-0D2567AEC306}.Release|Any CPU.ActiveCfg = Release|Any CPU
		{542563D0-E06A-48DA-88E1-0D2567AEC306}.Release|Any CPU.Build.0 = Release|Any CPU
		{1B2EBFFC-BD61-45BB-8098-992C4728309E}.Debug|Any CPU.ActiveCfg = Debug|Any CPU
		{1B2EBFFC-BD61-45BB-8098-992C4728309E}.Debug|Any CPU.Build.0 = Debug|Any CPU
		{1B2EBFFC-BD61-45BB-8098-992C4728309E}.Release|Any CPU.ActiveCfg = Release|Any CPU
		{1B2EBFFC-BD61-45BB-8098-992C4728309E}.Release|Any CPU.Build.0 = Release|Any CPU
		{8595A9AA-429F-4712-9821-D8BFB3BC37A4}.Debug|Any CPU.ActiveCfg = Debug|Any CPU
		{8595A9AA-429F-4712-9821-D8BFB3BC37A4}.Debug|Any CPU.Build.0 = Debug|Any CPU
		{8595A9AA-429F-4712-9821-D8BFB3BC37A4}.Release|Any CPU.ActiveCfg = Release|Any CPU
		{8595A9AA-429F-4712-9821-D8BFB3BC37A4}.Release|Any CPU.Build.0 = Release|Any CPU
		{4A357E48-DE54-44D6-8FDE-1F4A5A8EB6F0}.Debug|Any CPU.ActiveCfg = Debug|Any CPU
		{4A357E48-DE54-44D6-8FDE-1F4A5A8EB6F0}.Debug|Any CPU.Build.0 = Debug|Any CPU
		{4A357E48-DE54-44D6-8FDE-1F4A5A8EB6F0}.Release|Any CPU.ActiveCfg = Release|Any CPU
		{4A357E48-DE54-44D6-8FDE-1F4A5A8EB6F0}.Release|Any CPU.Build.0 = Release|Any CPU
		{21D3CFC9-4B78-4927-8AD8-B16F5D86C6A9}.Debug|Any CPU.ActiveCfg = Debug|Any CPU
		{21D3CFC9-4B78-4927-8AD8-B16F5D86C6A9}.Debug|Any CPU.Build.0 = Debug|Any CPU
		{21D3CFC9-4B78-4927-8AD8-B16F5D86C6A9}.Release|Any CPU.ActiveCfg = Release|Any CPU
		{21D3CFC9-4B78-4927-8AD8-B16F5D86C6A9}.Release|Any CPU.Build.0 = Release|Any CPU
		{3946F47E-E767-48E1-AE2B-C642861E53F2}.Debug|Any CPU.ActiveCfg = Debug|Any CPU
		{3946F47E-E767-48E1-AE2B-C642861E53F2}.Debug|Any CPU.Build.0 = Debug|Any CPU
		{3946F47E-E767-48E1-AE2B-C642861E53F2}.Release|Any CPU.ActiveCfg = Release|Any CPU
		{3946F47E-E767-48E1-AE2B-C642861E53F2}.Release|Any CPU.Build.0 = Release|Any CPU
		{2B5BBB67-EB7D-4812-B756-791347844A98}.Debug|Any CPU.ActiveCfg = Debug|Any CPU
		{2B5BBB67-EB7D-4812-B756-791347844A98}.Debug|Any CPU.Build.0 = Debug|Any CPU
		{2B5BBB67-EB7D-4812-B756-791347844A98}.Release|Any CPU.ActiveCfg = Release|Any CPU
		{2B5BBB67-EB7D-4812-B756-791347844A98}.Release|Any CPU.Build.0 = Release|Any CPU
		{AE8DE34A-02A3-4D60-8C77-5A9495F31138}.Debug|Any CPU.ActiveCfg = Debug|Any CPU
		{AE8DE34A-02A3-4D60-8C77-5A9495F31138}.Debug|Any CPU.Build.0 = Debug|Any CPU
		{AE8DE34A-02A3-4D60-8C77-5A9495F31138}.Release|Any CPU.ActiveCfg = Release|Any CPU
		{AE8DE34A-02A3-4D60-8C77-5A9495F31138}.Release|Any CPU.Build.0 = Release|Any CPU
		{13EA8FEE-C14F-4970-B046-BF3295A9B3F3}.Debug|Any CPU.ActiveCfg = Debug|Any CPU
		{13EA8FEE-C14F-4970-B046-BF3295A9B3F3}.Debug|Any CPU.Build.0 = Debug|Any CPU
		{13EA8FEE-C14F-4970-B046-BF3295A9B3F3}.Release|Any CPU.ActiveCfg = Release|Any CPU
		{13EA8FEE-C14F-4970-B046-BF3295A9B3F3}.Release|Any CPU.Build.0 = Release|Any CPU
		{5F826843-AD20-4CFF-B9E0-6860A4A4865C}.Debug|Any CPU.ActiveCfg = Debug|Any CPU
		{5F826843-AD20-4CFF-B9E0-6860A4A4865C}.Debug|Any CPU.Build.0 = Debug|Any CPU
		{5F826843-AD20-4CFF-B9E0-6860A4A4865C}.Release|Any CPU.ActiveCfg = Release|Any CPU
		{5F826843-AD20-4CFF-B9E0-6860A4A4865C}.Release|Any CPU.Build.0 = Release|Any CPU
		{051D3FF5-C7B8-4B38-9354-EFEB3D47C5FB}.Debug|Any CPU.ActiveCfg = Debug|Any CPU
		{051D3FF5-C7B8-4B38-9354-EFEB3D47C5FB}.Debug|Any CPU.Build.0 = Debug|Any CPU
		{051D3FF5-C7B8-4B38-9354-EFEB3D47C5FB}.Release|Any CPU.ActiveCfg = Release|Any CPU
		{051D3FF5-C7B8-4B38-9354-EFEB3D47C5FB}.Release|Any CPU.Build.0 = Release|Any CPU
	EndGlobalSection
	GlobalSection(SolutionProperties) = preSolution
		HideSolutionNode = FALSE
	EndGlobalSection
	GlobalSection(ExtensibilityGlobals) = postSolution
		SolutionGuid = {530C8FB5-18D0-43C0-8166-0E7A05EA927D}
	EndGlobalSection
EndGlobal
