
Microsoft Visual Studio Solution File, Format Version 12.00
# Visual Studio Version 17
VisualStudioVersion = 17.0.31903.59
MinimumVisualStudioVersion = 10.0.40219.1
Project("{9A19103F-16F7-4668-BE54-9A1E7A4F7556}") = "00_BaseCode", "00_BaseCode\00_BaseCode.csproj", "{F687F7D7-BB44-462E-8D76-A94F3BCF82DA}"
EndProject
Project("{9A19103F-16F7-4668-BE54-9A1E7A4F7556}") = "01_InstanceCreation", "01_InstanceCreation\01_InstanceCreation.csproj", "{56ECAD6A-9228-46C3-8E0C-F4066325A69B}"
EndProject
Project("{9A19103F-16F7-4668-BE54-9A1E7A4F7556}") = "02_ValidationLayers", "02_ValidationLayers\02_ValidationLayers.csproj", "{84592EC9-B68B-45A3-AAA7-4744DDC3E9ED}"
EndProject
Project("{9A19103F-16F7-4668-BE54-9A1E7A4F7556}") = "03_PhysicalDeviceSelection", "03_PhysicalDeviceSelection\03_PhysicalDeviceSelection.csproj", "{42D8754A-E5DD-42AC-82B6-A463C5BEAB07}"
EndProject
Project("{9A19103F-16F7-4668-BE54-9A1E7A4F7556}") = "04_LogicalDevice", "04_LogicalDevice\04_LogicalDevice.csproj", "{B64E207A-9B80-4E47-B623-CE0F3EE0F1BD}"
EndProject
Project("{9A19103F-16F7-4668-BE54-9A1E7A4F7556}") = "05_WindowSurface", "05_WindowSurface\05_WindowSurface.csproj", "{C4218416-ADEF-482E-89C6-BF1FB17B63E7}"
EndProject
Project("{9A19103F-16F7-4668-BE54-9A1E7A4F7556}") = "06_SwapChainCreation", "06_SwapChainCreation\06_SwapChainCreation.csproj", "{21C07CC2-1363-4DDE-B8A2-B17916A6027A}"
EndProject
Project("{9A19103F-16F7-4668-BE54-9A1E7A4F7556}") = "07_ImageViews", "07_ImageViews\07_ImageViews.csproj", "{C491CD74-99BC-4A54-AC83-338428BCA1BA}"
EndProject
Project("{9A19103F-16F7-4668-BE54-9A1E7A4F7556}") = "08_GraphicsPipeline", "08_GraphicsPipeline\08_GraphicsPipeline.csproj", "{2DB184AF-F663-4BA1-8B49-AA424F75D3BC}"
EndProject
Project("{9A19103F-16F7-4668-BE54-9A1E7A4F7556}") = "09_ShaderModules", "09_ShaderModules\09_ShaderModules.csproj", "{FAF18F85-4036-4CCB-9533-E24D59E59695}"
EndProject
Project("{2150E333-8FDC-42A3-9474-1A3956D46DE8}") = "Build", "Build", "{F7CA3EA9-8818-4D0C-9B1A-598480404AAC}"
	ProjectSection(SolutionItems) = preProject
		Directory.Build.props = Directory.Build.props
		Directory.Build.targets = Directory.Build.targets
	EndProjectSection
EndProject
Project("{9A19103F-16F7-4668-BE54-9A1E7A4F7556}") = "10_FixedFunctions", "10_FixedFunctions\10_FixedFunctions.csproj", "{952CA805-7465-425F-AE44-D41C9FFBC1E7}"
EndProject
Project("{9A19103F-16F7-4668-BE54-9A1E7A4F7556}") = "11_RenderPasses", "11_RenderPasses\11_RenderPasses.csproj", "{E612CAF1-6541-4875-9D68-5B5B9A5ECE87}"
EndProject
Project("{9A19103F-16F7-4668-BE54-9A1E7A4F7556}") = "12_GraphicsPipelineComplete", "12_GraphicsPipelineComplete\12_GraphicsPipelineComplete.csproj", "{25F60CCE-35C4-4AB8-B339-0D23970B2973}"
EndProject
Global
	GlobalSection(SolutionConfigurationPlatforms) = preSolution
		Debug|Any CPU = Debug|Any CPU
		Release|Any CPU = Release|Any CPU
	EndGlobalSection
	GlobalSection(ProjectConfigurationPlatforms) = postSolution
		{F687F7D7-BB44-462E-8D76-A94F3BCF82DA}.Debug|Any CPU.ActiveCfg = Debug|Any CPU
		{F687F7D7-BB44-462E-8D76-A94F3BCF82DA}.Debug|Any CPU.Build.0 = Debug|Any CPU
		{F687F7D7-BB44-462E-8D76-A94F3BCF82DA}.Release|Any CPU.ActiveCfg = Release|Any CPU
		{F687F7D7-BB44-462E-8D76-A94F3BCF82DA}.Release|Any CPU.Build.0 = Release|Any CPU
		{56ECAD6A-9228-46C3-8E0C-F4066325A69B}.Debug|Any CPU.ActiveCfg = Debug|Any CPU
		{56ECAD6A-9228-46C3-8E0C-F4066325A69B}.Debug|Any CPU.Build.0 = Debug|Any CPU
		{56ECAD6A-9228-46C3-8E0C-F4066325A69B}.Release|Any CPU.ActiveCfg = Release|Any CPU
		{56ECAD6A-9228-46C3-8E0C-F4066325A69B}.Release|Any CPU.Build.0 = Release|Any CPU
		{84592EC9-B68B-45A3-AAA7-4744DDC3E9ED}.Debug|Any CPU.ActiveCfg = Debug|Any CPU
		{84592EC9-B68B-45A3-AAA7-4744DDC3E9ED}.Debug|Any CPU.Build.0 = Debug|Any CPU
		{84592EC9-B68B-45A3-AAA7-4744DDC3E9ED}.Release|Any CPU.ActiveCfg = Release|Any CPU
		{84592EC9-B68B-45A3-AAA7-4744DDC3E9ED}.Release|Any CPU.Build.0 = Release|Any CPU
		{42D8754A-E5DD-42AC-82B6-A463C5BEAB07}.Debug|Any CPU.ActiveCfg = Debug|Any CPU
		{42D8754A-E5DD-42AC-82B6-A463C5BEAB07}.Debug|Any CPU.Build.0 = Debug|Any CPU
		{42D8754A-E5DD-42AC-82B6-A463C5BEAB07}.Release|Any CPU.ActiveCfg = Release|Any CPU
		{42D8754A-E5DD-42AC-82B6-A463C5BEAB07}.Release|Any CPU.Build.0 = Release|Any CPU
		{B64E207A-9B80-4E47-B623-CE0F3EE0F1BD}.Debug|Any CPU.ActiveCfg = Debug|Any CPU
		{B64E207A-9B80-4E47-B623-CE0F3EE0F1BD}.Debug|Any CPU.Build.0 = Debug|Any CPU
		{B64E207A-9B80-4E47-B623-CE0F3EE0F1BD}.Release|Any CPU.ActiveCfg = Release|Any CPU
		{B64E207A-9B80-4E47-B623-CE0F3EE0F1BD}.Release|Any CPU.Build.0 = Release|Any CPU
		{C4218416-ADEF-482E-89C6-BF1FB17B63E7}.Debug|Any CPU.ActiveCfg = Debug|Any CPU
		{C4218416-ADEF-482E-89C6-BF1FB17B63E7}.Debug|Any CPU.Build.0 = Debug|Any CPU
		{C4218416-ADEF-482E-89C6-BF1FB17B63E7}.Release|Any CPU.ActiveCfg = Release|Any CPU
		{C4218416-ADEF-482E-89C6-BF1FB17B63E7}.Release|Any CPU.Build.0 = Release|Any CPU
		{21C07CC2-1363-4DDE-B8A2-B17916A6027A}.Debug|Any CPU.ActiveCfg = Debug|Any CPU
		{21C07CC2-1363-4DDE-B8A2-B17916A6027A}.Debug|Any CPU.Build.0 = Debug|Any CPU
		{21C07CC2-1363-4DDE-B8A2-B17916A6027A}.Release|Any CPU.ActiveCfg = Release|Any CPU
		{21C07CC2-1363-4DDE-B8A2-B17916A6027A}.Release|Any CPU.Build.0 = Release|Any CPU
		{C491CD74-99BC-4A54-AC83-338428BCA1BA}.Debug|Any CPU.ActiveCfg = Debug|Any CPU
		{C491CD74-99BC-4A54-AC83-338428BCA1BA}.Debug|Any CPU.Build.0 = Debug|Any CPU
		{C491CD74-99BC-4A54-AC83-338428BCA1BA}.Release|Any CPU.ActiveCfg = Release|Any CPU
		{C491CD74-99BC-4A54-AC83-338428BCA1BA}.Release|Any CPU.Build.0 = Release|Any CPU
		{2DB184AF-F663-4BA1-8B49-AA424F75D3BC}.Debug|Any CPU.ActiveCfg = Debug|Any CPU
		{2DB184AF-F663-4BA1-8B49-AA424F75D3BC}.Debug|Any CPU.Build.0 = Debug|Any CPU
		{2DB184AF-F663-4BA1-8B49-AA424F75D3BC}.Release|Any CPU.ActiveCfg = Release|Any CPU
		{2DB184AF-F663-4BA1-8B49-AA424F75D3BC}.Release|Any CPU.Build.0 = Release|Any CPU
		{FAF18F85-4036-4CCB-9533-E24D59E59695}.Debug|Any CPU.ActiveCfg = Debug|Any CPU
		{FAF18F85-4036-4CCB-9533-E24D59E59695}.Debug|Any CPU.Build.0 = Debug|Any CPU
		{FAF18F85-4036-4CCB-9533-E24D59E59695}.Release|Any CPU.ActiveCfg = Release|Any CPU
		{FAF18F85-4036-4CCB-9533-E24D59E59695}.Release|Any CPU.Build.0 = Release|Any CPU
		{952CA805-7465-425F-AE44-D41C9FFBC1E7}.Debug|Any CPU.ActiveCfg = Debug|Any CPU
		{952CA805-7465-425F-AE44-D41C9FFBC1E7}.Debug|Any CPU.Build.0 = Debug|Any CPU
		{952CA805-7465-425F-AE44-D41C9FFBC1E7}.Release|Any CPU.ActiveCfg = Release|Any CPU
		{952CA805-7465-425F-AE44-D41C9FFBC1E7}.Release|Any CPU.Build.0 = Release|Any CPU
		{E612CAF1-6541-4875-9D68-5B5B9A5ECE87}.Debug|Any CPU.ActiveCfg = Debug|Any CPU
		{E612CAF1-6541-4875-9D68-5B5B9A5ECE87}.Debug|Any CPU.Build.0 = Debug|Any CPU
		{E612CAF1-6541-4875-9D68-5B5B9A5ECE87}.Release|Any CPU.ActiveCfg = Release|Any CPU
		{E612CAF1-6541-4875-9D68-5B5B9A5ECE87}.Release|Any CPU.Build.0 = Release|Any CPU
		{25F60CCE-35C4-4AB8-B339-0D23970B2973}.Debug|Any CPU.ActiveCfg = Debug|Any CPU
		{25F60CCE-35C4-4AB8-B339-0D23970B2973}.Debug|Any CPU.Build.0 = Debug|Any CPU
		{25F60CCE-35C4-4AB8-B339-0D23970B2973}.Release|Any CPU.ActiveCfg = Release|Any CPU
		{25F60CCE-35C4-4AB8-B339-0D23970B2973}.Release|Any CPU.Build.0 = Release|Any CPU
	EndGlobalSection
	GlobalSection(SolutionProperties) = preSolution
		HideSolutionNode = FALSE
	EndGlobalSection
	GlobalSection(ExtensibilityGlobals) = postSolution
		SolutionGuid = {530C8FB5-18D0-43C0-8166-0E7A05EA927D}
	EndGlobalSection
EndGlobal
