
Microsoft Visual Studio Solution File, Format Version 12.00
# Visual Studio Version 17
VisualStudioVersion = 17.0.31903.59
MinimumVisualStudioVersion = 10.0.40219.1
Project("{9A19103F-16F7-4668-BE54-9A1E7A4F7556}") = "00_BaseCode", "00_BaseCode\00_BaseCode.csproj", "{F687F7D7-BB44-462E-8D76-A94F3BCF82DA}"
EndProject
Project("{9A19103F-16F7-4668-BE54-9A1E7A4F7556}") = "01_InstanceCreation", "01_InstanceCreation\01_InstanceCreation.csproj", "{56ECAD6A-9228-46C3-8E0C-F4066325A69B}"
EndProject
Project("{9A19103F-16F7-4668-BE54-9A1E7A4F7556}") = "02_ValidationLayers", "02_ValidationLayers\02_ValidationLayers.csproj", "{84592EC9-B68B-45A3-AAA7-4744DDC3E9ED}"
EndProject
Project("{9A19103F-16F7-4668-BE54-9A1E7A4F7556}") = "03_PhysicalDeviceSelection", "03_PhysicalDeviceSelection\03_PhysicalDeviceSelection.csproj", "{42D8754A-E5DD-42AC-82B6-A463C5BEAB07}"
EndProject
Project("{9A19103F-16F7-4668-BE54-9A1E7A4F7556}") = "04_LogicalDevice", "04_LogicalDevice\04_LogicalDevice.csproj", "{B64E207A-9B80-4E47-B623-CE0F3EE0F1BD}"
EndProject
Project("{9A19103F-16F7-4668-BE54-9A1E7A4F7556}") = "05_WindowSurface", "05_WindowSurface\05_WindowSurface.csproj", "{C4218416-ADEF-482E-89C6-BF1FB17B63E7}"
EndProject
Project("{9A19103F-16F7-4668-BE54-9A1E7A4F7556}") = "06_SwapChainCreation", "06_SwapChainCreation\06_SwapChainCreation.csproj", "{21C07CC2-1363-4DDE-B8A2-B17916A6027A}"
EndProject
Project("{9A19103F-16F7-4668-BE54-9A1E7A4F7556}") = "07_ImageViews", "07_ImageViews\07_ImageViews.csproj", "{C491CD74-99BC-4A54-AC83-338428BCA1BA}"
EndProject
Project("{9A19103F-16F7-4668-BE54-9A1E7A4F7556}") = "08_GraphicsPipeline", "08_GraphicsPipeline\08_GraphicsPipeline.csproj", "{2DB184AF-F663-4BA1-8B49-AA424F75D3BC}"
EndProject
Project("{9A19103F-16F7-4668-BE54-9A1E7A4F7556}") = "09_ShaderModules", "09_ShaderModules\09_ShaderModules.csproj", "{FAF18F85-4036-4CCB-9533-E24D59E59695}"
EndProject
Project("{2150E333-8FDC-42A3-9474-1A3956D46DE8}") = "Build", "Build", "{F7CA3EA9-8818-4D0C-9B1A-598480404AAC}"
	ProjectSection(SolutionItems) = preProject
		Directory.Build.props = Directory.Build.props
		Directory.Build.targets = Directory.Build.targets
	EndProjectSection
EndProject
Project("{9A19103F-16F7-4668-BE54-9A1E7A4F7556}") = "10_FixedFunctions", "10_FixedFunctions\10_FixedFunctions.csproj", "{952CA805-7465-425F-AE44-D41C9FFBC1E7}"
EndProject
Project("{9A19103F-16F7-4668-BE54-9A1E7A4F7556}") = "11_RenderPasses", "11_RenderPasses\11_RenderPasses.csproj", "{E612CAF1-6541-4875-9D68-5B5B9A5ECE87}"
EndProject
Project("{9A19103F-16F7-4668-BE54-9A1E7A4F7556}") = "12_GraphicsPipelineComplete", "12_GraphicsPipelineComplete\12_GraphicsPipelineComplete.csproj", "{25F60CCE-35C4-4AB8-B339-0D23970B2973}"
EndProject
Project("{9A19103F-16F7-4668-BE54-9A1E7A4F7556}") = "13_FrameBuffers", "13_FrameBuffers\13_FrameBuffers.csproj", "{35E5BA99-9D0F-4BEC-8909-B7CE2D28F7A0}"
EndProject
Project("{9A19103F-16F7-4668-BE54-9A1E7A4F7556}") = "14_CommandBuffers", "14_CommandBuffers\14_CommandBuffers.csproj", "{76ABCCCC-57A2-4ACC-9006-7EA60DC14CCB}"
EndProject
Project("{9A19103F-16F7-4668-BE54-9A1E7A4F7556}") = "15_HelloTriangle", "15_HelloTriangle\15_HelloTriangle.csproj", "{335BCBAB-CD9E-43CB-A9EE-2D771548BBCD}"
EndProject
Project("{FAE04EC0-301F-11D3-BF4B-00C04F79EFBC}") = "16_SwapChainRecreation", "16_SwapChainRecreation\16_SwapChainRecreation.csproj", "{6D5157A5-267C-4903-94B3-65258DDA7479}"
EndProject
Project("{FAE04EC0-301F-11D3-BF4B-00C04F79EFBC}") = "17_VertexInput", "17_VertexInput\17_VertexInput.csproj", "{06CA77F9-5B62-4E04-905B-90C06002DBC1}"
EndProject
Project("{FAE04EC0-301F-11D3-BF4B-00C04F79EFBC}") = "18_VertexBuffer", "18_VertexBuffer\18_VertexBuffer.csproj", "{168D28F6-B62B-4612-8C64-DC2929A9E9B6}"
EndProject
Project("{FAE04EC0-301F-11D3-BF4B-00C04F79EFBC}") = "19_StagingBuffer", "19_StagingBuffer\19_StagingBuffer.csproj", "{C1006FA3-360D-4765-9C96-A7F6BA8A2848}"
EndProject
Project("{FAE04EC0-301F-11D3-BF4B-00C04F79EFBC}") = "20_IndexBuffer", "20_IndexBuffer\20_IndexBuffer.csproj", "{2C43C00B-8797-4768-A329-91853343065D}"
EndProject
Project("{FAE04EC0-301F-11D3-BF4B-00C04F79EFBC}") = "21_DescriptorLayout", "21_DescriptorLayout\21_DescriptorLayout.csproj", "{673C0201-12D8-4FB9-8968-0DA76B6C1304}"
EndProject
Global
	GlobalSection(SolutionConfigurationPlatforms) = preSolution
		Debug|Any CPU = Debug|Any CPU
		Release|Any CPU = Release|Any CPU
	EndGlobalSection
	GlobalSection(ProjectConfigurationPlatforms) = postSolution
		{F687F7D7-BB44-462E-8D76-A94F3BCF82DA}.Debug|Any CPU.ActiveCfg = Debug|Any CPU
		{F687F7D7-BB44-462E-8D76-A94F3BCF82DA}.Debug|Any CPU.Build.0 = Debug|Any CPU
		{F687F7D7-BB44-462E-8D76-A94F3BCF82DA}.Release|Any CPU.ActiveCfg = Release|Any CPU
		{F687F7D7-BB44-462E-8D76-A94F3BCF82DA}.Release|Any CPU.Build.0 = Release|Any CPU
		{56ECAD6A-9228-46C3-8E0C-F4066325A69B}.Debug|Any CPU.ActiveCfg = Debug|Any CPU
		{56ECAD6A-9228-46C3-8E0C-F4066325A69B}.Debug|Any CPU.Build.0 = Debug|Any CPU
		{56ECAD6A-9228-46C3-8E0C-F4066325A69B}.Release|Any CPU.ActiveCfg = Release|Any CPU
		{56ECAD6A-9228-46C3-8E0C-F4066325A69B}.Release|Any CPU.Build.0 = Release|Any CPU
		{84592EC9-B68B-45A3-AAA7-4744DDC3E9ED}.Debug|Any CPU.ActiveCfg = Debug|Any CPU
		{84592EC9-B68B-45A3-AAA7-4744DDC3E9ED}.Debug|Any CPU.Build.0 = Debug|Any CPU
		{84592EC9-B68B-45A3-AAA7-4744DDC3E9ED}.Release|Any CPU.ActiveCfg = Release|Any CPU
		{84592EC9-B68B-45A3-AAA7-4744DDC3E9ED}.Release|Any CPU.Build.0 = Release|Any CPU
		{42D8754A-E5DD-42AC-82B6-A463C5BEAB07}.Debug|Any CPU.ActiveCfg = Debug|Any CPU
		{42D8754A-E5DD-42AC-82B6-A463C5BEAB07}.Debug|Any CPU.Build.0 = Debug|Any CPU
		{42D8754A-E5DD-42AC-82B6-A463C5BEAB07}.Release|Any CPU.ActiveCfg = Release|Any CPU
		{42D8754A-E5DD-42AC-82B6-A463C5BEAB07}.Release|Any CPU.Build.0 = Release|Any CPU
		{B64E207A-9B80-4E47-B623-CE0F3EE0F1BD}.Debug|Any CPU.ActiveCfg = Debug|Any CPU
		{B64E207A-9B80-4E47-B623-CE0F3EE0F1BD}.Debug|Any CPU.Build.0 = Debug|Any CPU
		{B64E207A-9B80-4E47-B623-CE0F3EE0F1BD}.Release|Any CPU.ActiveCfg = Release|Any CPU
		{B64E207A-9B80-4E47-B623-CE0F3EE0F1BD}.Release|Any CPU.Build.0 = Release|Any CPU
		{C4218416-ADEF-482E-89C6-BF1FB17B63E7}.Debug|Any CPU.ActiveCfg = Debug|Any CPU
		{C4218416-ADEF-482E-89C6-BF1FB17B63E7}.Debug|Any CPU.Build.0 = Debug|Any CPU
		{C4218416-ADEF-482E-89C6-BF1FB17B63E7}.Release|Any CPU.ActiveCfg = Release|Any CPU
		{C4218416-ADEF-482E-89C6-BF1FB17B63E7}.Release|Any CPU.Build.0 = Release|Any CPU
		{21C07CC2-1363-4DDE-B8A2-B17916A6027A}.Debug|Any CPU.ActiveCfg = Debug|Any CPU
		{21C07CC2-1363-4DDE-B8A2-B17916A6027A}.Debug|Any CPU.Build.0 = Debug|Any CPU
		{21C07CC2-1363-4DDE-B8A2-B17916A6027A}.Release|Any CPU.ActiveCfg = Release|Any CPU
		{21C07CC2-1363-4DDE-B8A2-B17916A6027A}.Release|Any CPU.Build.0 = Release|Any CPU
		{C491CD74-99BC-4A54-AC83-338428BCA1BA}.Debug|Any CPU.ActiveCfg = Debug|Any CPU
		{C491CD74-99BC-4A54-AC83-338428BCA1BA}.Debug|Any CPU.Build.0 = Debug|Any CPU
		{C491CD74-99BC-4A54-AC83-338428BCA1BA}.Release|Any CPU.ActiveCfg = Release|Any CPU
		{C491CD74-99BC-4A54-AC83-338428BCA1BA}.Release|Any CPU.Build.0 = Release|Any CPU
		{2DB184AF-F663-4BA1-8B49-AA424F75D3BC}.Debug|Any CPU.ActiveCfg = Debug|Any CPU
		{2DB184AF-F663-4BA1-8B49-AA424F75D3BC}.Debug|Any CPU.Build.0 = Debug|Any CPU
		{2DB184AF-F663-4BA1-8B49-AA424F75D3BC}.Release|Any CPU.ActiveCfg = Release|Any CPU
		{2DB184AF-F663-4BA1-8B49-AA424F75D3BC}.Release|Any CPU.Build.0 = Release|Any CPU
		{FAF18F85-4036-4CCB-9533-E24D59E59695}.Debug|Any CPU.ActiveCfg = Debug|Any CPU
		{FAF18F85-4036-4CCB-9533-E24D59E59695}.Debug|Any CPU.Build.0 = Debug|Any CPU
		{FAF18F85-4036-4CCB-9533-E24D59E59695}.Release|Any CPU.ActiveCfg = Release|Any CPU
		{FAF18F85-4036-4CCB-9533-E24D59E59695}.Release|Any CPU.Build.0 = Release|Any CPU
		{952CA805-7465-425F-AE44-D41C9FFBC1E7}.Debug|Any CPU.ActiveCfg = Debug|Any CPU
		{952CA805-7465-425F-AE44-D41C9FFBC1E7}.Debug|Any CPU.Build.0 = Debug|Any CPU
		{952CA805-7465-425F-AE44-D41C9FFBC1E7}.Release|Any CPU.ActiveCfg = Release|Any CPU
		{952CA805-7465-425F-AE44-D41C9FFBC1E7}.Release|Any CPU.Build.0 = Release|Any CPU
		{E612CAF1-6541-4875-9D68-5B5B9A5ECE87}.Debug|Any CPU.ActiveCfg = Debug|Any CPU
		{E612CAF1-6541-4875-9D68-5B5B9A5ECE87}.Debug|Any CPU.Build.0 = Debug|Any CPU
		{E612CAF1-6541-4875-9D68-5B5B9A5ECE87}.Release|Any CPU.ActiveCfg = Release|Any CPU
		{E612CAF1-6541-4875-9D68-5B5B9A5ECE87}.Release|Any CPU.Build.0 = Release|Any CPU
		{25F60CCE-35C4-4AB8-B339-0D23970B2973}.Debug|Any CPU.ActiveCfg = Debug|Any CPU
		{25F60CCE-35C4-4AB8-B339-0D23970B2973}.Debug|Any CPU.Build.0 = Debug|Any CPU
		{25F60CCE-35C4-4AB8-B339-0D23970B2973}.Release|Any CPU.ActiveCfg = Release|Any CPU
		{25F60CCE-35C4-4AB8-B339-0D23970B2973}.Release|Any CPU.Build.0 = Release|Any CPU
		{35E5BA99-9D0F-4BEC-8909-B7CE2D28F7A0}.Debug|Any CPU.ActiveCfg = Debug|Any CPU
		{35E5BA99-9D0F-4BEC-8909-B7CE2D28F7A0}.Debug|Any CPU.Build.0 = Debug|Any CPU
		{35E5BA99-9D0F-4BEC-8909-B7CE2D28F7A0}.Release|Any CPU.ActiveCfg = Release|Any CPU
		{35E5BA99-9D0F-4BEC-8909-B7CE2D28F7A0}.Release|Any CPU.Build.0 = Release|Any CPU
		{76ABCCCC-57A2-4ACC-9006-7EA60DC14CCB}.Debug|Any CPU.ActiveCfg = Debug|Any CPU
		{76ABCCCC-57A2-4ACC-9006-7EA60DC14CCB}.Debug|Any CPU.Build.0 = Debug|Any CPU
		{76ABCCCC-57A2-4ACC-9006-7EA60DC14CCB}.Release|Any CPU.ActiveCfg = Release|Any CPU
		{76ABCCCC-57A2-4ACC-9006-7EA60DC14CCB}.Release|Any CPU.Build.0 = Release|Any CPU
		{335BCBAB-CD9E-43CB-A9EE-2D771548BBCD}.Debug|Any CPU.ActiveCfg = Debug|Any CPU
		{335BCBAB-CD9E-43CB-A9EE-2D771548BBCD}.Debug|Any CPU.Build.0 = Debug|Any CPU
		{335BCBAB-CD9E-43CB-A9EE-2D771548BBCD}.Release|Any CPU.ActiveCfg = Release|Any CPU
		{335BCBAB-CD9E-43CB-A9EE-2D771548BBCD}.Release|Any CPU.Build.0 = Release|Any CPU
		{6D5157A5-267C-4903-94B3-65258DDA7479}.Debug|Any CPU.ActiveCfg = Debug|Any CPU
		{6D5157A5-267C-4903-94B3-65258DDA7479}.Debug|Any CPU.Build.0 = Debug|Any CPU
		{6D5157A5-267C-4903-94B3-65258DDA7479}.Release|Any CPU.ActiveCfg = Release|Any CPU
		{6D5157A5-267C-4903-94B3-65258DDA7479}.Release|Any CPU.Build.0 = Release|Any CPU
		{06CA77F9-5B62-4E04-905B-90C06002DBC1}.Debug|Any CPU.ActiveCfg = Debug|Any CPU
		{06CA77F9-5B62-4E04-905B-90C06002DBC1}.Debug|Any CPU.Build.0 = Debug|Any CPU
		{06CA77F9-5B62-4E04-905B-90C06002DBC1}.Release|Any CPU.ActiveCfg = Release|Any CPU
		{06CA77F9-5B62-4E04-905B-90C06002DBC1}.Release|Any CPU.Build.0 = Release|Any CPU
		{168D28F6-B62B-4612-8C64-DC2929A9E9B6}.Debug|Any CPU.ActiveCfg = Debug|Any CPU
		{168D28F6-B62B-4612-8C64-DC2929A9E9B6}.Debug|Any CPU.Build.0 = Debug|Any CPU
		{168D28F6-B62B-4612-8C64-DC2929A9E9B6}.Release|Any CPU.ActiveCfg = Release|Any CPU
		{168D28F6-B62B-4612-8C64-DC2929A9E9B6}.Release|Any CPU.Build.0 = Release|Any CPU
		{C1006FA3-360D-4765-9C96-A7F6BA8A2848}.Debug|Any CPU.ActiveCfg = Debug|Any CPU
		{C1006FA3-360D-4765-9C96-A7F6BA8A2848}.Debug|Any CPU.Build.0 = Debug|Any CPU
		{C1006FA3-360D-4765-9C96-A7F6BA8A2848}.Release|Any CPU.ActiveCfg = Release|Any CPU
		{C1006FA3-360D-4765-9C96-A7F6BA8A2848}.Release|Any CPU.Build.0 = Release|Any CPU
		{2C43C00B-8797-4768-A329-91853343065D}.Debug|Any CPU.ActiveCfg = Debug|Any CPU
		{2C43C00B-8797-4768-A329-91853343065D}.Debug|Any CPU.Build.0 = Debug|Any CPU
		{2C43C00B-8797-4768-A329-91853343065D}.Release|Any CPU.ActiveCfg = Release|Any CPU
		{2C43C00B-8797-4768-A329-91853343065D}.Release|Any CPU.Build.0 = Release|Any CPU
		{673C0201-12D8-4FB9-8968-0DA76B6C1304}.Debug|Any CPU.ActiveCfg = Debug|Any CPU
		{673C0201-12D8-4FB9-8968-0DA76B6C1304}.Debug|Any CPU.Build.0 = Debug|Any CPU
		{673C0201-12D8-4FB9-8968-0DA76B6C1304}.Release|Any CPU.ActiveCfg = Release|Any CPU
		{673C0201-12D8-4FB9-8968-0DA76B6C1304}.Release|Any CPU.Build.0 = Release|Any CPU
	EndGlobalSection
	GlobalSection(SolutionProperties) = preSolution
		HideSolutionNode = FALSE
	EndGlobalSection
	GlobalSection(ExtensibilityGlobals) = postSolution
		SolutionGuid = {530C8FB5-18D0-43C0-8166-0E7A05EA927D}
	EndGlobalSection
EndGlobal
